// !$*UTF8*$!
{
	archiveVersion = 1;
	classes = {
	};
	objectVersion = 50;
	objects = {

/* Begin PBXBuildFile section */
		1C2A45CD21EC3CCA00FB09E8 /* AppDelegate.m in Sources */ = {isa = PBXBuildFile; fileRef = 1C2A45CC21EC3CCA00FB09E8 /* AppDelegate.m */; };
		1C2A45D021EC3CCA00FB09E8 /* ViewController.m in Sources */ = {isa = PBXBuildFile; fileRef = 1C2A45CF21EC3CCA00FB09E8 /* ViewController.m */; };
		1C2A45D321EC3CCA00FB09E8 /* Main.storyboard in Resources */ = {isa = PBXBuildFile; fileRef = 1C2A45D121EC3CCA00FB09E8 /* Main.storyboard */; };
		1C2A45D521EC3CCB00FB09E8 /* Assets.xcassets in Resources */ = {isa = PBXBuildFile; fileRef = 1C2A45D421EC3CCB00FB09E8 /* Assets.xcassets */; };
		1C2A45D821EC3CCB00FB09E8 /* LaunchScreen.storyboard in Resources */ = {isa = PBXBuildFile; fileRef = 1C2A45D621EC3CCB00FB09E8 /* LaunchScreen.storyboard */; };
		1C2A45DB21EC3CCB00FB09E8 /* main.m in Sources */ = {isa = PBXBuildFile; fileRef = 1C2A45DA21EC3CCB00FB09E8 /* main.m */; };
		1C2A45E721EC3E6500FB09E8 /* WebRTC.framework in Frameworks */ = {isa = PBXBuildFile; fileRef = 1C2A45E521EC3D8900FB09E8 /* WebRTC.framework */; };
		1C2A45E821EC3E6500FB09E8 /* WebRTC.framework in Embed Frameworks */ = {isa = PBXBuildFile; fileRef = 1C2A45E521EC3D8900FB09E8 /* WebRTC.framework */; settings = {ATTRIBUTES = (CodeSignOnCopy, RemoveHeadersOnCopy, ); }; };
		1C2A45E921EC3E6500FB09E8 /* ZJRTCScreenShare.framework in Frameworks */ = {isa = PBXBuildFile; fileRef = 1C2A45E321EC3D3100FB09E8 /* ZJRTCScreenShare.framework */; };
		1C2A45EA21EC3E6500FB09E8 /* ZJRTCScreenShare.framework in Embed Frameworks */ = {isa = PBXBuildFile; fileRef = 1C2A45E321EC3D3100FB09E8 /* ZJRTCScreenShare.framework */; settings = {ATTRIBUTES = (CodeSignOnCopy, RemoveHeadersOnCopy, ); }; };
		1C2A45EB21EC3E6500FB09E8 /* ZJRTC.framework in Frameworks */ = {isa = PBXBuildFile; fileRef = 1C2A45E121EC3D2700FB09E8 /* ZJRTC.framework */; };
		1C2A45EC21EC3E6500FB09E8 /* ZJRTC.framework in Embed Frameworks */ = {isa = PBXBuildFile; fileRef = 1C2A45E121EC3D2700FB09E8 /* ZJRTC.framework */; settings = {ATTRIBUTES = (CodeSignOnCopy, RemoveHeadersOnCopy, ); }; };
		1C2A45EE21EC405700FB09E8 /* ZJRTC.framework in Resources */ = {isa = PBXBuildFile; fileRef = 1C2A45E121EC3D2700FB09E8 /* ZJRTC.framework */; };
/* End PBXBuildFile section */

/* Begin PBXCopyFilesBuildPhase section */
		1C2A45ED21EC3E6500FB09E8 /* Embed Frameworks */ = {
			isa = PBXCopyFilesBuildPhase;
			buildActionMask = 2147483647;
			dstPath = "";
			dstSubfolderSpec = 10;
			files = (
				1C2A45EA21EC3E6500FB09E8 /* ZJRTCScreenShare.framework in Embed Frameworks */,
				1C2A45E821EC3E6500FB09E8 /* WebRTC.framework in Embed Frameworks */,
				1C2A45EC21EC3E6500FB09E8 /* ZJRTC.framework in Embed Frameworks */,
			);
			name = "Embed Frameworks";
			runOnlyForDeploymentPostprocessing = 0;
		};
/* End PBXCopyFilesBuildPhase section */

/* Begin PBXFileReference section */
		1C2A45C821EC3CCA00FB09E8 /* Zj-Demo.app */ = {isa = PBXFileReference; explicitFileType = wrapper.application; includeInIndex = 0; path = "Zj-Demo.app"; sourceTree = BUILT_PRODUCTS_DIR; };
		1C2A45CB21EC3CCA00FB09E8 /* AppDelegate.h */ = {isa = PBXFileReference; lastKnownFileType = sourcecode.c.h; path = AppDelegate.h; sourceTree = "<group>"; };
		1C2A45CC21EC3CCA00FB09E8 /* AppDelegate.m */ = {isa = PBXFileReference; lastKnownFileType = sourcecode.c.objc; path = AppDelegate.m; sourceTree = "<group>"; };
		1C2A45CE21EC3CCA00FB09E8 /* ViewController.h */ = {isa = PBXFileReference; lastKnownFileType = sourcecode.c.h; path = ViewController.h; sourceTree = "<group>"; };
		1C2A45CF21EC3CCA00FB09E8 /* ViewController.m */ = {isa = PBXFileReference; lastKnownFileType = sourcecode.c.objc; path = ViewController.m; sourceTree = "<group>"; };
		1C2A45D221EC3CCA00FB09E8 /* Base */ = {isa = PBXFileReference; lastKnownFileType = file.storyboard; name = Base; path = Base.lproj/Main.storyboard; sourceTree = "<group>"; };
		1C2A45D421EC3CCB00FB09E8 /* Assets.xcassets */ = {isa = PBXFileReference; lastKnownFileType = folder.assetcatalog; path = Assets.xcassets; sourceTree = "<group>"; };
		1C2A45D721EC3CCB00FB09E8 /* Base */ = {isa = PBXFileReference; lastKnownFileType = file.storyboard; name = Base; path = Base.lproj/LaunchScreen.storyboard; sourceTree = "<group>"; };
		1C2A45D921EC3CCB00FB09E8 /* Info.plist */ = {isa = PBXFileReference; lastKnownFileType = text.plist.xml; path = Info.plist; sourceTree = "<group>"; };
		1C2A45DA21EC3CCB00FB09E8 /* main.m */ = {isa = PBXFileReference; lastKnownFileType = sourcecode.c.objc; path = main.m; sourceTree = "<group>"; };
		1C2A45E121EC3D2700FB09E8 /* ZJRTC.framework */ = {isa = PBXFileReference; lastKnownFileType = wrapper.framework; path = ZJRTC.framework; sourceTree = "<group>"; };
		1C2A45E321EC3D3100FB09E8 /* ZJRTCScreenShare.framework */ = {isa = PBXFileReference; lastKnownFileType = wrapper.framework; path = ZJRTCScreenShare.framework; sourceTree = "<group>"; };
		1C2A45E521EC3D8900FB09E8 /* WebRTC.framework */ = {isa = PBXFileReference; lastKnownFileType = wrapper.framework; path = WebRTC.framework; sourceTree = "<group>"; };
/* End PBXFileReference section */

/* Begin PBXFrameworksBuildPhase section */
		1C2A45C521EC3CCA00FB09E8 /* Frameworks */ = {
			isa = PBXFrameworksBuildPhase;
			buildActionMask = 2147483647;
			files = (
				1C2A45E921EC3E6500FB09E8 /* ZJRTCScreenShare.framework in Frameworks */,
				1C2A45E721EC3E6500FB09E8 /* WebRTC.framework in Frameworks */,
				1C2A45EB21EC3E6500FB09E8 /* ZJRTC.framework in Frameworks */,
			);
			runOnlyForDeploymentPostprocessing = 0;
		};
/* End PBXFrameworksBuildPhase section */

/* Begin PBXGroup section */
		1C2A45BF21EC3CCA00FB09E8 = {
			isa = PBXGroup;
			children = (
				1C2A45CA21EC3CCA00FB09E8 /* Zj-Demo */,
				1C2A45C921EC3CCA00FB09E8 /* Products */,
			);
			sourceTree = "<group>";
		};
		1C2A45C921EC3CCA00FB09E8 /* Products */ = {
			isa = PBXGroup;
			children = (
				1C2A45C821EC3CCA00FB09E8 /* Zj-Demo.app */,
			);
			name = Products;
			sourceTree = "<group>";
		};
		1C2A45CA21EC3CCA00FB09E8 /* Zj-Demo */ = {
			isa = PBXGroup;
			children = (
				1C2A45CB21EC3CCA00FB09E8 /* AppDelegate.h */,
				1C2A45CC21EC3CCA00FB09E8 /* AppDelegate.m */,
				1C2A45CE21EC3CCA00FB09E8 /* ViewController.h */,
				1C2A45CF21EC3CCA00FB09E8 /* ViewController.m */,
				1C2A45E521EC3D8900FB09E8 /* WebRTC.framework */,
				1C2A45E321EC3D3100FB09E8 /* ZJRTCScreenShare.framework */,
				1C2A45E121EC3D2700FB09E8 /* ZJRTC.framework */,
				1C2A45D121EC3CCA00FB09E8 /* Main.storyboard */,
				1C2A45D421EC3CCB00FB09E8 /* Assets.xcassets */,
				1C2A45D621EC3CCB00FB09E8 /* LaunchScreen.storyboard */,
				1C2A45D921EC3CCB00FB09E8 /* Info.plist */,
				1C2A45DA21EC3CCB00FB09E8 /* main.m */,
			);
			path = "Zj-Demo";
			sourceTree = "<group>";
		};
/* End PBXGroup section */

/* Begin PBXNativeTarget section */
		1C2A45C721EC3CCA00FB09E8 /* Zj-Demo */ = {
			isa = PBXNativeTarget;
			buildConfigurationList = 1C2A45DE21EC3CCB00FB09E8 /* Build configuration list for PBXNativeTarget "Zj-Demo" */;
			buildPhases = (
				1C2A45C421EC3CCA00FB09E8 /* Sources */,
				1C2A45C521EC3CCA00FB09E8 /* Frameworks */,
				1C2A45C621EC3CCA00FB09E8 /* Resources */,
				1C2A45ED21EC3E6500FB09E8 /* Embed Frameworks */,
			);
			buildRules = (
			);
			dependencies = (
			);
			name = "Zj-Demo";
			productName = "Zj-Demo";
			productReference = 1C2A45C821EC3CCA00FB09E8 /* Zj-Demo.app */;
			productType = "com.apple.product-type.application";
		};
/* End PBXNativeTarget section */

/* Begin PBXProject section */
		1C2A45C021EC3CCA00FB09E8 /* Project object */ = {
			isa = PBXProject;
			attributes = {
				LastUpgradeCheck = 1010;
				ORGANIZATIONNAME = "李志朋";
				TargetAttributes = {
					1C2A45C721EC3CCA00FB09E8 = {
						CreatedOnToolsVersion = 10.1;
					};
				};
			};
			buildConfigurationList = 1C2A45C321EC3CCA00FB09E8 /* Build configuration list for PBXProject "Zj-Demo" */;
			compatibilityVersion = "Xcode 9.3";
			developmentRegion = en;
			hasScannedForEncodings = 0;
			knownRegions = (
				en,
				Base,
			);
			mainGroup = 1C2A45BF21EC3CCA00FB09E8;
			productRefGroup = 1C2A45C921EC3CCA00FB09E8 /* Products */;
			projectDirPath = "";
			projectRoot = "";
			targets = (
				1C2A45C721EC3CCA00FB09E8 /* Zj-Demo */,
			);
		};
/* End PBXProject section */

/* Begin PBXResourcesBuildPhase section */
		1C2A45C621EC3CCA00FB09E8 /* Resources */ = {
			isa = PBXResourcesBuildPhase;
			buildActionMask = 2147483647;
			files = (
				1C2A45EE21EC405700FB09E8 /* ZJRTC.framework in Resources */,
				1C2A45D821EC3CCB00FB09E8 /* LaunchScreen.storyboard in Resources */,
				1C2A45D521EC3CCB00FB09E8 /* Assets.xcassets in Resources */,
				1C2A45D321EC3CCA00FB09E8 /* Main.storyboard in Resources */,
			);
			runOnlyForDeploymentPostprocessing = 0;
		};
/* End PBXResourcesBuildPhase section */

/* Begin PBXSourcesBuildPhase section */
		1C2A45C421EC3CCA00FB09E8 /* Sources */ = {
			isa = PBXSourcesBuildPhase;
			buildActionMask = 2147483647;
			files = (
				1C2A45D021EC3CCA00FB09E8 /* ViewController.m in Sources */,
				1C2A45DB21EC3CCB00FB09E8 /* main.m in Sources */,
				1C2A45CD21EC3CCA00FB09E8 /* AppDelegate.m in Sources */,
			);
			runOnlyForDeploymentPostprocessing = 0;
		};
/* End PBXSourcesBuildPhase section */

/* Begin PBXVariantGroup section */
		1C2A45D121EC3CCA00FB09E8 /* Main.storyboard */ = {
			isa = PBXVariantGroup;
			children = (
				1C2A45D221EC3CCA00FB09E8 /* Base */,
			);
			name = Main.storyboard;
			sourceTree = "<group>";
		};
		1C2A45D621EC3CCB00FB09E8 /* LaunchScreen.storyboard */ = {
			isa = PBXVariantGroup;
			children = (
				1C2A45D721EC3CCB00FB09E8 /* Base */,
			);
			name = LaunchScreen.storyboard;
			sourceTree = "<group>";
		};
/* End PBXVariantGroup section */

/* Begin XCBuildConfiguration section */
		1C2A45DC21EC3CCB00FB09E8 /* Debug */ = {
			isa = XCBuildConfiguration;
			buildSettings = {
				ALWAYS_SEARCH_USER_PATHS = NO;
				CLANG_ANALYZER_NONNULL = YES;
				CLANG_ANALYZER_NUMBER_OBJECT_CONVERSION = YES_AGGRESSIVE;
				CLANG_CXX_LANGUAGE_STANDARD = "gnu++14";
				CLANG_CXX_LIBRARY = "libc++";
				CLANG_ENABLE_MODULES = YES;
				CLANG_ENABLE_OBJC_ARC = YES;
				CLANG_ENABLE_OBJC_WEAK = YES;
				CLANG_WARN_BLOCK_CAPTURE_AUTORELEASING = YES;
				CLANG_WARN_BOOL_CONVERSION = YES;
				CLANG_WARN_COMMA = YES;
				CLANG_WARN_CONSTANT_CONVERSION = YES;
				CLANG_WARN_DEPRECATED_OBJC_IMPLEMENTATIONS = YES;
				CLANG_WARN_DIRECT_OBJC_ISA_USAGE = YES_ERROR;
				CLANG_WARN_DOCUMENTATION_COMMENTS = YES;
				CLANG_WARN_EMPTY_BODY = YES;
				CLANG_WARN_ENUM_CONVERSION = YES;
				CLANG_WARN_INFINITE_RECURSION = YES;
				CLANG_WARN_INT_CONVERSION = YES;
				CLANG_WARN_NON_LITERAL_NULL_CONVERSION = YES;
				CLANG_WARN_OBJC_IMPLICIT_RETAIN_SELF = YES;
				CLANG_WARN_OBJC_LITERAL_CONVERSION = YES;
				CLANG_WARN_OBJC_ROOT_CLASS = YES_ERROR;
				CLANG_WARN_RANGE_LOOP_ANALYSIS = YES;
				CLANG_WARN_STRICT_PROTOTYPES = YES;
				CLANG_WARN_SUSPICIOUS_MOVE = YES;
				CLANG_WARN_UNGUARDED_AVAILABILITY = YES_AGGRESSIVE;
				CLANG_WARN_UNREACHABLE_CODE = YES;
				CLANG_WARN__DUPLICATE_METHOD_MATCH = YES;
				CODE_SIGN_IDENTITY = "iPhone Developer";
				COPY_PHASE_STRIP = NO;
				DEBUG_INFORMATION_FORMAT = dwarf;
				ENABLE_STRICT_OBJC_MSGSEND = YES;
				ENABLE_TESTABILITY = YES;
				GCC_C_LANGUAGE_STANDARD = gnu11;
				GCC_DYNAMIC_NO_PIC = NO;
				GCC_NO_COMMON_BLOCKS = YES;
				GCC_OPTIMIZATION_LEVEL = 0;
				GCC_PREPROCESSOR_DEFINITIONS = (
					"DEBUG=1",
					"$(inherited)",
				);
				GCC_WARN_64_TO_32_BIT_CONVERSION = YES;
				GCC_WARN_ABOUT_RETURN_TYPE = YES_ERROR;
				GCC_WARN_UNDECLARED_SELECTOR = YES;
				GCC_WARN_UNINITIALIZED_AUTOS = YES_AGGRESSIVE;
				GCC_WARN_UNUSED_FUNCTION = YES;
				GCC_WARN_UNUSED_VARIABLE = YES;
				IPHONEOS_DEPLOYMENT_TARGET = 12.1;
				MTL_ENABLE_DEBUG_INFO = INCLUDE_SOURCE;
				MTL_FAST_MATH = YES;
				ONLY_ACTIVE_ARCH = YES;
				SDKROOT = iphoneos;
			};
			name = Debug;
		};
		1C2A45DD21EC3CCB00FB09E8 /* Release */ = {
			isa = XCBuildConfiguration;
			buildSettings = {
				ALWAYS_SEARCH_USER_PATHS = NO;
				CLANG_ANALYZER_NONNULL = YES;
				CLANG_ANALYZER_NUMBER_OBJECT_CONVERSION = YES_AGGRESSIVE;
				CLANG_CXX_LANGUAGE_STANDARD = "gnu++14";
				CLANG_CXX_LIBRARY = "libc++";
				CLANG_ENABLE_MODULES = YES;
				CLANG_ENABLE_OBJC_ARC = YES;
				CLANG_ENABLE_OBJC_WEAK = YES;
				CLANG_WARN_BLOCK_CAPTURE_AUTORELEASING = YES;
				CLANG_WARN_BOOL_CONVERSION = YES;
				CLANG_WARN_COMMA = YES;
				CLANG_WARN_CONSTANT_CONVERSION = YES;
				CLANG_WARN_DEPRECATED_OBJC_IMPLEMENTATIONS = YES;
				CLANG_WARN_DIRECT_OBJC_ISA_USAGE = YES_ERROR;
				CLANG_WARN_DOCUMENTATION_COMMENTS = YES;
				CLANG_WARN_EMPTY_BODY = YES;
				CLANG_WARN_ENUM_CONVERSION = YES;
				CLANG_WARN_INFINITE_RECURSION = YES;
				CLANG_WARN_INT_CONVERSION = YES;
				CLANG_WARN_NON_LITERAL_NULL_CONVERSION = YES;
				CLANG_WARN_OBJC_IMPLICIT_RETAIN_SELF = YES;
				CLANG_WARN_OBJC_LITERAL_CONVERSION = YES;
				CLANG_WARN_OBJC_ROOT_CLASS = YES_ERROR;
				CLANG_WARN_RANGE_LOOP_ANALYSIS = YES;
				CLANG_WARN_STRICT_PROTOTYPES = YES;
				CLANG_WARN_SUSPICIOUS_MOVE = YES;
				CLANG_WARN_UNGUARDED_AVAILABILITY = YES_AGGRESSIVE;
				CLANG_WARN_UNREACHABLE_CODE = YES;
				CLANG_WARN__DUPLICATE_METHOD_MATCH = YES;
				CODE_SIGN_IDENTITY = "iPhone Developer";
				COPY_PHASE_STRIP = NO;
				DEBUG_INFORMATION_FORMAT = "dwarf-with-dsym";
				ENABLE_NS_ASSERTIONS = NO;
				ENABLE_STRICT_OBJC_MSGSEND = YES;
				GCC_C_LANGUAGE_STANDARD = gnu11;
				GCC_NO_COMMON_BLOCKS = YES;
				GCC_WARN_64_TO_32_BIT_CONVERSION = YES;
				GCC_WARN_ABOUT_RETURN_TYPE = YES_ERROR;
				GCC_WARN_UNDECLARED_SELECTOR = YES;
				GCC_WARN_UNINITIALIZED_AUTOS = YES_AGGRESSIVE;
				GCC_WARN_UNUSED_FUNCTION = YES;
				GCC_WARN_UNUSED_VARIABLE = YES;
				IPHONEOS_DEPLOYMENT_TARGET = 12.1;
				MTL_ENABLE_DEBUG_INFO = NO;
				MTL_FAST_MATH = YES;
				SDKROOT = iphoneos;
				VALIDATE_PRODUCT = YES;
			};
			name = Release;
		};
		1C2A45DF21EC3CCB00FB09E8 /* Debug */ = {
			isa = XCBuildConfiguration;
			buildSettings = {
				ASSETCATALOG_COMPILER_APPICON_NAME = AppIcon;
				CODE_SIGN_STYLE = Automatic;
				DEVELOPMENT_TEAM = QZ5HTJ6XNT;
				ENABLE_BITCODE = NO;
				FRAMEWORK_SEARCH_PATHS = (
					"$(inherited)",
					"$(PROJECT_DIR)/Zj-Demo",
				);
				HEADER_SEARCH_PATHS = (
					"$(PROJECT_DIR)/Zj-Demo/WebRTC.framework/Headers",
					"$(PROJECT_DIR)/Zj-Demo/ZJRTC.framework/Headers",
					"$(PROJECT_DIR)/Zj-Demo/ZJRTCScreenShare.framework/Headers",
				);
				INFOPLIST_FILE = "Zj-Demo/Info.plist";
				IPHONEOS_DEPLOYMENT_TARGET = 9.0;
				LD_RUNPATH_SEARCH_PATHS = (
					"$(inherited)",
					"@executable_path/Frameworks",
				);
				OTHER_LDFLAGS = (
					"-lc++",
					"-ObjC",
				);
				PRODUCT_BUNDLE_IDENTIFIER = "lizhipeng.Zj-Demo";
				PRODUCT_NAME = "$(TARGET_NAME)";
				TARGETED_DEVICE_FAMILY = "1,2";
			};
			name = Debug;
		};
		1C2A45E021EC3CCB00FB09E8 /* Release */ = {
			isa = XCBuildConfiguration;
			buildSettings = {
				ASSETCATALOG_COMPILER_APPICON_NAME = AppIcon;
				CODE_SIGN_STYLE = Automatic;
				DEVELOPMENT_TEAM = QZ5HTJ6XNT;
				ENABLE_BITCODE = NO;
				FRAMEWORK_SEARCH_PATHS = (
					"$(inherited)",
					"$(PROJECT_DIR)/Zj-Demo",
				);
				HEADER_SEARCH_PATHS = (
					"$(PROJECT_DIR)/Zj-Demo/WebRTC.framework/Headers",
					"$(PROJECT_DIR)/Zj-Demo/ZJRTC.framework/Headers",
					"$(PROJECT_DIR)/Zj-Demo/ZJRTCScreenShare.framework/Headers",
				);
				INFOPLIST_FILE = "Zj-Demo/Info.plist";
				IPHONEOS_DEPLOYMENT_TARGET = 9.0;
				LD_RUNPATH_SEARCH_PATHS = (
					"$(inherited)",
					"@executable_path/Frameworks",
				);
				OTHER_LDFLAGS = (
					"-lc++",
					"-ObjC",
				);
				PRODUCT_BUNDLE_IDENTIFIER = "lizhipeng.Zj-Demo";
				PRODUCT_NAME = "$(TARGET_NAME)";
				TARGETED_DEVICE_FAMILY = "1,2";
			};
			name = Release;
		};
/* End XCBuildConfiguration section */

/* Begin XCConfigurationList section */
		1C2A45C321EC3CCA00FB09E8 /* Build configuration list for PBXProject "Zj-Demo" */ = {
			isa = XCConfigurationList;
			buildConfigurations = (
				1C2A45DC21EC3CCB00FB09E8 /* Debug */,
				1C2A45DD21EC3CCB00FB09E8 /* Release */,
			);
			defaultConfigurationIsVisible = 0;
			defaultConfigurationName = Release;
		};
		1C2A45DE21EC3CCB00FB09E8 /* Build configuration list for PBXNativeTarget "Zj-Demo" */ = {
			isa = XCConfigurationList;
			buildConfigurations = (
				1C2A45DF21EC3CCB00FB09E8 /* Debug */,
				1C2A45E021EC3CCB00FB09E8 /* Release */,
			);
			defaultConfigurationIsVisible = 0;
			defaultConfigurationName = Release;
		};
/* End XCConfigurationList section */
	};
	rootObject = 1C2A45C021EC3CCA00FB09E8 /* Project object */;
}
