// !$*UTF8*$!
{
	archiveVersion = 1;
	classes = {
	};
	objectVersion = 46;
	objects = {

/* Begin PBXBuildFile section */
		1C1EB7C21F5808B100588070 /* main.m in Sources */ = {isa = PBXBuildFile; fileRef = 1C1EB7C11F5808B100588070 /* main.m */; };
		1C1EB7C51F5808B100588070 /* AppDelegate.m in Sources */ = {isa = PBXBuildFile; fileRef = 1C1EB7C41F5808B100588070 /* AppDelegate.m */; };
		1C1EB7C81F5808B100588070 /* ViewController.m in Sources */ = {isa = PBXBuildFile; fileRef = 1C1EB7C71F5808B100588070 /* ViewController.m */; };
		1C1EB7CB1F5808B100588070 /* Main.storyboard in Resources */ = {isa = PBXBuildFile; fileRef = 1C1EB7C91F5808B100588070 /* Main.storyboard */; };
		1C1EB7CE1F5808B100588070 /* ZjVideoDemo.xcdatamodeld in Sources */ = {isa = PBXBuildFile; fileRef = 1C1EB7CC1F5808B100588070 /* ZjVideoDemo.xcdatamodeld */; };
		1C1EB7D01F5808B100588070 /* Assets.xcassets in Resources */ = {isa = PBXBuildFile; fileRef = 1C1EB7CF1F5808B100588070 /* Assets.xcassets */; };
		1C1EB7D31F5808B100588070 /* LaunchScreen.storyboard in Resources */ = {isa = PBXBuildFile; fileRef = 1C1EB7D11F5808B100588070 /* LaunchScreen.storyboard */; };
		1C8577B81FE3C6110086E053 /* VideoViewController.m in Sources */ = {isa = PBXBuildFile; fileRef = 1C8577B71FE3C6110086E053 /* VideoViewController.m */; };
		1C8E612120207B4B00DDA617 /* RTViewController.m in Sources */ = {isa = PBXBuildFile; fileRef = 1C8E612020207B4B00DDA617 /* RTViewController.m */; };
		1C8E612820207DCA00DDA617 /* JoinViewController.m in Sources */ = {isa = PBXBuildFile; fileRef = 1C8E612620207DCA00DDA617 /* JoinViewController.m */; };
		1C8E612920207DCA00DDA617 /* JoinViewController.xib in Resources */ = {isa = PBXBuildFile; fileRef = 1C8E612720207DCA00DDA617 /* JoinViewController.xib */; };
		1C8E613E202156AC00DDA617 /* PTPViewController.m in Sources */ = {isa = PBXBuildFile; fileRef = 1C8E613C202156AC00DDA617 /* PTPViewController.m */; };
		1C8E613F202156AC00DDA617 /* PTPViewController.xib in Resources */ = {isa = PBXBuildFile; fileRef = 1C8E613D202156AC00DDA617 /* PTPViewController.xib */; };
		1C8E62A7202C564E00DDA617 /* PushKit.framework in Frameworks */ = {isa = PBXBuildFile; fileRef = 1C8E62A6202C564E00DDA617 /* PushKit.framework */; };
		1CA3F5422046B7440075B6A4 /* ApnsInfor.m in Sources */ = {isa = PBXBuildFile; fileRef = 1CA3F5412046B7440075B6A4 /* ApnsInfor.m */; };
		1CA3F5C420492BAA0075B6A4 /* SizeSettingViewController.m in Sources */ = {isa = PBXBuildFile; fileRef = 1CA3F5C320492BAA0075B6A4 /* SizeSettingViewController.m */; };
		1CA874E11F720CB80037E12C /* WebRTC.framework in Frameworks */ = {isa = PBXBuildFile; fileRef = 1CA874DF1F720C8B0037E12C /* WebRTC.framework */; };
		1CA874E21F720CB80037E12C /* WebRTC.framework in Embed Frameworks */ = {isa = PBXBuildFile; fileRef = 1CA874DF1F720C8B0037E12C /* WebRTC.framework */; settings = {ATTRIBUTES = (CodeSignOnCopy, RemoveHeadersOnCopy, ); }; };
		1CEB0BAA1F73864200DFE1BF /* ZjVideo.framework in Frameworks */ = {isa = PBXBuildFile; fileRef = 1CEB0BA81F73863400DFE1BF /* ZjVideo.framework */; };
		1CEB0BAB1F73864200DFE1BF /* ZjVideo.framework in Embed Frameworks */ = {isa = PBXBuildFile; fileRef = 1CEB0BA81F73863400DFE1BF /* ZjVideo.framework */; settings = {ATTRIBUTES = (CodeSignOnCopy, RemoveHeadersOnCopy, ); }; };
/* End PBXBuildFile section */

/* Begin PBXCopyFilesBuildPhase section */
		1C03DA541F5BF0A3000EAC7E /* Embed Frameworks */ = {
			isa = PBXCopyFilesBuildPhase;
			buildActionMask = 2147483647;
			dstPath = "";
			dstSubfolderSpec = 10;
			files = (
				1CEB0BAB1F73864200DFE1BF /* ZjVideo.framework in Embed Frameworks */,
				1CA874E21F720CB80037E12C /* WebRTC.framework in Embed Frameworks */,
			);
			name = "Embed Frameworks";
			runOnlyForDeploymentPostprocessing = 0;
		};
/* End PBXCopyFilesBuildPhase section */

/* Begin PBXFileReference section */
		1C1EB7BD1F5808B100588070 /* ZjVideoDemo.app */ = {isa = PBXFileReference; explicitFileType = wrapper.application; includeInIndex = 0; path = ZjVideoDemo.app; sourceTree = BUILT_PRODUCTS_DIR; };
		1C1EB7C11F5808B100588070 /* main.m */ = {isa = PBXFileReference; lastKnownFileType = sourcecode.c.objc; path = main.m; sourceTree = "<group>"; };
		1C1EB7C31F5808B100588070 /* AppDelegate.h */ = {isa = PBXFileReference; lastKnownFileType = sourcecode.c.h; path = AppDelegate.h; sourceTree = "<group>"; };
		1C1EB7C41F5808B100588070 /* AppDelegate.m */ = {isa = PBXFileReference; lastKnownFileType = sourcecode.c.objc; path = AppDelegate.m; sourceTree = "<group>"; };
		1C1EB7C61F5808B100588070 /* ViewController.h */ = {isa = PBXFileReference; lastKnownFileType = sourcecode.c.h; path = ViewController.h; sourceTree = "<group>"; };
		1C1EB7C71F5808B100588070 /* ViewController.m */ = {isa = PBXFileReference; lastKnownFileType = sourcecode.c.objc; path = ViewController.m; sourceTree = "<group>"; };
		1C1EB7CA1F5808B100588070 /* Base */ = {isa = PBXFileReference; lastKnownFileType = file.storyboard; name = Base; path = Base.lproj/Main.storyboard; sourceTree = "<group>"; };
		1C1EB7CD1F5808B100588070 /* ZjVideoDemo.xcdatamodel */ = {isa = PBXFileReference; lastKnownFileType = wrapper.xcdatamodel; path = ZjVideoDemo.xcdatamodel; sourceTree = "<group>"; };
		1C1EB7CF1F5808B100588070 /* Assets.xcassets */ = {isa = PBXFileReference; lastKnownFileType = folder.assetcatalog; path = Assets.xcassets; sourceTree = "<group>"; };
		1C1EB7D21F5808B100588070 /* Base */ = {isa = PBXFileReference; lastKnownFileType = file.storyboard; name = Base; path = Base.lproj/LaunchScreen.storyboard; sourceTree = "<group>"; };
		1C1EB7D41F5808B100588070 /* Info.plist */ = {isa = PBXFileReference; lastKnownFileType = text.plist.xml; path = Info.plist; sourceTree = "<group>"; };
		1C1EB7DD1F5808B200588070 /* ZjVideoDemoTests.m */ = {isa = PBXFileReference; lastKnownFileType = sourcecode.c.objc; path = ZjVideoDemoTests.m; sourceTree = "<group>"; };
		1C1EB7DF1F5808B200588070 /* Info.plist */ = {isa = PBXFileReference; lastKnownFileType = text.plist.xml; path = Info.plist; sourceTree = "<group>"; };
		1C1EB7E81F5808B200588070 /* ZjVideoDemoUITests.m */ = {isa = PBXFileReference; lastKnownFileType = sourcecode.c.objc; path = ZjVideoDemoUITests.m; sourceTree = "<group>"; };
		1C1EB7EA1F5808B200588070 /* Info.plist */ = {isa = PBXFileReference; lastKnownFileType = text.plist.xml; path = Info.plist; sourceTree = "<group>"; };
		1C8577B61FE3C6110086E053 /* VideoViewController.h */ = {isa = PBXFileReference; lastKnownFileType = sourcecode.c.h; path = VideoViewController.h; sourceTree = "<group>"; };
		1C8577B71FE3C6110086E053 /* VideoViewController.m */ = {isa = PBXFileReference; lastKnownFileType = sourcecode.c.objc; path = VideoViewController.m; sourceTree = "<group>"; };
		1C8E611F20207B4B00DDA617 /* RTViewController.h */ = {isa = PBXFileReference; lastKnownFileType = sourcecode.c.h; path = RTViewController.h; sourceTree = "<group>"; };
		1C8E612020207B4B00DDA617 /* RTViewController.m */ = {isa = PBXFileReference; lastKnownFileType = sourcecode.c.objc; path = RTViewController.m; sourceTree = "<group>"; };
		1C8E612520207DCA00DDA617 /* JoinViewController.h */ = {isa = PBXFileReference; lastKnownFileType = sourcecode.c.h; name = JoinViewController.h; path = Assets.xcassets/JoinViewController.h; sourceTree = "<group>"; };
		1C8E612620207DCA00DDA617 /* JoinViewController.m */ = {isa = PBXFileReference; lastKnownFileType = sourcecode.c.objc; name = JoinViewController.m; path = Assets.xcassets/JoinViewController.m; sourceTree = "<group>"; };
		1C8E612720207DCA00DDA617 /* JoinViewController.xib */ = {isa = PBXFileReference; lastKnownFileType = file.xib; name = JoinViewController.xib; path = Assets.xcassets/JoinViewController.xib; sourceTree = "<group>"; };
		1C8E613B202156AC00DDA617 /* PTPViewController.h */ = {isa = PBXFileReference; lastKnownFileType = sourcecode.c.h; path = PTPViewController.h; sourceTree = "<group>"; };
		1C8E613C202156AC00DDA617 /* PTPViewController.m */ = {isa = PBXFileReference; lastKnownFileType = sourcecode.c.objc; path = PTPViewController.m; sourceTree = "<group>"; };
		1C8E613D202156AC00DDA617 /* PTPViewController.xib */ = {isa = PBXFileReference; lastKnownFileType = file.xib; path = PTPViewController.xib; sourceTree = "<group>"; };
		1C8E615120216C3C00DDA617 /* ZjVideoDemo.entitlements */ = {isa = PBXFileReference; lastKnownFileType = text.plist.entitlements; path = ZjVideoDemo.entitlements; sourceTree = "<group>"; };
		1C8E62A6202C564E00DDA617 /* PushKit.framework */ = {isa = PBXFileReference; lastKnownFileType = wrapper.framework; name = PushKit.framework; path = System/Library/Frameworks/PushKit.framework; sourceTree = SDKROOT; };
		1CA3F5402046B7440075B6A4 /* ApnsInfor.h */ = {isa = PBXFileReference; lastKnownFileType = sourcecode.c.h; path = ApnsInfor.h; sourceTree = "<group>"; };
		1CA3F5412046B7440075B6A4 /* ApnsInfor.m */ = {isa = PBXFileReference; lastKnownFileType = sourcecode.c.objc; path = ApnsInfor.m; sourceTree = "<group>"; };
		1CA3F5C220492BAA0075B6A4 /* SizeSettingViewController.h */ = {isa = PBXFileReference; lastKnownFileType = sourcecode.c.h; path = SizeSettingViewController.h; sourceTree = "<group>"; };
		1CA3F5C320492BAA0075B6A4 /* SizeSettingViewController.m */ = {isa = PBXFileReference; lastKnownFileType = sourcecode.c.objc; path = SizeSettingViewController.m; sourceTree = "<group>"; };
		1CA874DF1F720C8B0037E12C /* WebRTC.framework */ = {isa = PBXFileReference; lastKnownFileType = wrapper.framework; path = WebRTC.framework; sourceTree = "<group>"; };
		1CEB0BA81F73863400DFE1BF /* ZjVideo.framework */ = {isa = PBXFileReference; lastKnownFileType = wrapper.framework; path = ZjVideo.framework; sourceTree = "<group>"; };
/* End PBXFileReference section */

/* Begin PBXFrameworksBuildPhase section */
		1C1EB7BA1F5808B100588070 /* Frameworks */ = {
			isa = PBXFrameworksBuildPhase;
			buildActionMask = 2147483647;
			files = (
				1C8E62A7202C564E00DDA617 /* PushKit.framework in Frameworks */,
				1CEB0BAA1F73864200DFE1BF /* ZjVideo.framework in Frameworks */,
				1CA874E11F720CB80037E12C /* WebRTC.framework in Frameworks */,
			);
			runOnlyForDeploymentPostprocessing = 0;
		};
/* End PBXFrameworksBuildPhase section */

/* Begin PBXGroup section */
		1C1EB7B41F5808B100588070 = {
			isa = PBXGroup;
			children = (
				1C1EB7BF1F5808B100588070 /* ZjVideoDemo */,
				1C1EB7DC1F5808B200588070 /* ZjVideoDemoTests */,
				1C1EB7E71F5808B200588070 /* ZjVideoDemoUITests */,
				1C1EB7BE1F5808B100588070 /* Products */,
				1C8E62A5202C564E00DDA617 /* Frameworks */,
			);
			sourceTree = "<group>";
		};
		1C1EB7BE1F5808B100588070 /* Products */ = {
			isa = PBXGroup;
			children = (
				1C1EB7BD1F5808B100588070 /* ZjVideoDemo.app */,
			);
			name = Products;
			sourceTree = "<group>";
		};
		1C1EB7BF1F5808B100588070 /* ZjVideoDemo */ = {
			isa = PBXGroup;
			children = (
				1C8E615120216C3C00DDA617 /* ZjVideoDemo.entitlements */,
				1C1EB7F61F5808BA00588070 /* Frameworks */,
				1C1EB7C31F5808B100588070 /* AppDelegate.h */,
				1C1EB7C41F5808B100588070 /* AppDelegate.m */,
				1CA3F5402046B7440075B6A4 /* ApnsInfor.h */,
				1CA3F5412046B7440075B6A4 /* ApnsInfor.m */,
				1C8E611F20207B4B00DDA617 /* RTViewController.h */,
				1C8E612020207B4B00DDA617 /* RTViewController.m */,
				1C8E612520207DCA00DDA617 /* JoinViewController.h */,
				1C8E612620207DCA00DDA617 /* JoinViewController.m */,
				1C8E612720207DCA00DDA617 /* JoinViewController.xib */,
				1CA3F5C220492BAA0075B6A4 /* SizeSettingViewController.h */,
				1CA3F5C320492BAA0075B6A4 /* SizeSettingViewController.m */,
				1C8E613B202156AC00DDA617 /* PTPViewController.h */,
				1C8E613C202156AC00DDA617 /* PTPViewController.m */,
				1C8E613D202156AC00DDA617 /* PTPViewController.xib */,
				1C8577B61FE3C6110086E053 /* VideoViewController.h */,
				1C8577B71FE3C6110086E053 /* VideoViewController.m */,
				1C1EB7C61F5808B100588070 /* ViewController.h */,
				1C1EB7C71F5808B100588070 /* ViewController.m */,
				1CEB0BAC1F738FB800DFE1BF /* New Group */,
				1C1EB7C91F5808B100588070 /* Main.storyboard */,
				1C1EB7CF1F5808B100588070 /* Assets.xcassets */,
				1C1EB7D11F5808B100588070 /* LaunchScreen.storyboard */,
				1C1EB7D41F5808B100588070 /* Info.plist */,
				1C1EB7CC1F5808B100588070 /* ZjVideoDemo.xcdatamodeld */,
				1C1EB7C01F5808B100588070 /* Supporting Files */,
			);
			path = ZjVideoDemo;
			sourceTree = "<group>";
		};
		1C1EB7C01F5808B100588070 /* Supporting Files */ = {
			isa = PBXGroup;
			children = (
				1C1EB7C11F5808B100588070 /* main.m */,
			);
			name = "Supporting Files";
			sourceTree = "<group>";
		};
		1C1EB7DC1F5808B200588070 /* ZjVideoDemoTests */ = {
			isa = PBXGroup;
			children = (
				1C1EB7DD1F5808B200588070 /* ZjVideoDemoTests.m */,
				1C1EB7DF1F5808B200588070 /* Info.plist */,
			);
			path = ZjVideoDemoTests;
			sourceTree = "<group>";
		};
		1C1EB7E71F5808B200588070 /* ZjVideoDemoUITests */ = {
			isa = PBXGroup;
			children = (
				1C1EB7E81F5808B200588070 /* ZjVideoDemoUITests.m */,
				1C1EB7EA1F5808B200588070 /* Info.plist */,
			);
			path = ZjVideoDemoUITests;
			sourceTree = "<group>";
		};
		1C1EB7F61F5808BA00588070 /* Frameworks */ = {
			isa = PBXGroup;
			children = (
				1CEB0BA81F73863400DFE1BF /* ZjVideo.framework */,
				1CA874DF1F720C8B0037E12C /* WebRTC.framework */,
			);
			name = Frameworks;
			sourceTree = "<group>";
		};
		1C8E62A5202C564E00DDA617 /* Frameworks */ = {
			isa = PBXGroup;
			children = (
				1C8E62A6202C564E00DDA617 /* PushKit.framework */,
			);
			name = Frameworks;
			sourceTree = "<group>";
		};
		1CEB0BAC1F738FB800DFE1BF /* New Group */ = {
			isa = PBXGroup;
			children = (
			);
			name = "New Group";
			sourceTree = "<group>";
		};
/* End PBXGroup section */

/* Begin PBXNativeTarget section */
		1C1EB7BC1F5808B100588070 /* ZjVideoDemo */ = {
			isa = PBXNativeTarget;
			buildConfigurationList = 1C1EB7ED1F5808B200588070 /* Build configuration list for PBXNativeTarget "ZjVideoDemo" */;
			buildPhases = (
				1C1EB7B91F5808B100588070 /* Sources */,
				1C1EB7BA1F5808B100588070 /* Frameworks */,
				1C1EB7BB1F5808B100588070 /* Resources */,
				1C03DA541F5BF0A3000EAC7E /* Embed Frameworks */,
			);
			buildRules = (
			);
			dependencies = (
			);
			name = ZjVideoDemo;
			productName = ZjVideoDemo;
			productReference = 1C1EB7BD1F5808B100588070 /* ZjVideoDemo.app */;
			productType = "com.apple.product-type.application";
		};
/* End PBXNativeTarget section */

/* Begin PBXProject section */
		1C1EB7B51F5808B100588070 /* Project object */ = {
			isa = PBXProject;
			attributes = {
				LastUpgradeCheck = 0820;
				ORGANIZATIONNAME = "李志朋";
				TargetAttributes = {
					1C1EB7BC1F5808B100588070 = {
						CreatedOnToolsVersion = 8.2.1;
						DevelopmentTeam = QZ5HTJ6XNT;
						ProvisioningStyle = Automatic;
						SystemCapabilities = {
							com.apple.BackgroundModes = {
								enabled = 1;
							};
							com.apple.Push = {
								enabled = 1;
							};
						};
					};
				};
			};
			buildConfigurationList = 1C1EB7B81F5808B100588070 /* Build configuration list for PBXProject "ZjVideoDemo" */;
			compatibilityVersion = "Xcode 3.2";
			developmentRegion = English;
			hasScannedForEncodings = 0;
			knownRegions = (
				en,
				Base,
			);
			mainGroup = 1C1EB7B41F5808B100588070;
			productRefGroup = 1C1EB7BE1F5808B100588070 /* Products */;
			projectDirPath = "";
			projectRoot = "";
			targets = (
				1C1EB7BC1F5808B100588070 /* ZjVideoDemo */,
			);
		};
/* End PBXProject section */

/* Begin PBXResourcesBuildPhase section */
		1C1EB7BB1F5808B100588070 /* Resources */ = {
			isa = PBXResourcesBuildPhase;
			buildActionMask = 2147483647;
			files = (
				1C1EB7D31F5808B100588070 /* LaunchScreen.storyboard in Resources */,
				1C1EB7D01F5808B100588070 /* Assets.xcassets in Resources */,
				1C8E612920207DCA00DDA617 /* JoinViewController.xib in Resources */,
				1C8E613F202156AC00DDA617 /* PTPViewController.xib in Resources */,
				1C1EB7CB1F5808B100588070 /* Main.storyboard in Resources */,
			);
			runOnlyForDeploymentPostprocessing = 0;
		};
/* End PBXResourcesBuildPhase section */

/* Begin PBXSourcesBuildPhase section */
		1C1EB7B91F5808B100588070 /* Sources */ = {
			isa = PBXSourcesBuildPhase;
			buildActionMask = 2147483647;
			files = (
				1CA3F5C420492BAA0075B6A4 /* SizeSettingViewController.m in Sources */,
				1C8E612820207DCA00DDA617 /* JoinViewController.m in Sources */,
				1C8E613E202156AC00DDA617 /* PTPViewController.m in Sources */,
				1C8577B81FE3C6110086E053 /* VideoViewController.m in Sources */,
				1C1EB7CE1F5808B100588070 /* ZjVideoDemo.xcdatamodeld in Sources */,
				1C1EB7C81F5808B100588070 /* ViewController.m in Sources */,
				1CA3F5422046B7440075B6A4 /* ApnsInfor.m in Sources */,
				1C1EB7C51F5808B100588070 /* AppDelegate.m in Sources */,
				1C8E612120207B4B00DDA617 /* RTViewController.m in Sources */,
				1C1EB7C21F5808B100588070 /* main.m in Sources */,
			);
			runOnlyForDeploymentPostprocessing = 0;
		};
/* End PBXSourcesBuildPhase section */

/* Begin PBXVariantGroup section */
		1C1EB7C91F5808B100588070 /* Main.storyboard */ = {
			isa = PBXVariantGroup;
			children = (
				1C1EB7CA1F5808B100588070 /* Base */,
			);
			name = Main.storyboard;
			sourceTree = "<group>";
		};
		1C1EB7D11F5808B100588070 /* LaunchScreen.storyboard */ = {
			isa = PBXVariantGroup;
			children = (
				1C1EB7D21F5808B100588070 /* Base */,
			);
			name = LaunchScreen.storyboard;
			sourceTree = "<group>";
		};
/* End PBXVariantGroup section */

/* Begin XCBuildConfiguration section */
		1C1EB7EB1F5808B200588070 /* Debug */ = {
			isa = XCBuildConfiguration;
			buildSettings = {
				ALWAYS_SEARCH_USER_PATHS = NO;
				CLANG_ANALYZER_NONNULL = YES;
				CLANG_CXX_LANGUAGE_STANDARD = "gnu++0x";
				CLANG_CXX_LIBRARY = "libc++";
				CLANG_ENABLE_MODULES = YES;
				CLANG_ENABLE_OBJC_ARC = YES;
				CLANG_WARN_BOOL_CONVERSION = YES;
				CLANG_WARN_CONSTANT_CONVERSION = YES;
				CLANG_WARN_DIRECT_OBJC_ISA_USAGE = YES_ERROR;
				CLANG_WARN_DOCUMENTATION_COMMENTS = YES;
				CLANG_WARN_EMPTY_BODY = YES;
				CLANG_WARN_ENUM_CONVERSION = YES;
				CLANG_WARN_INFINITE_RECURSION = YES;
				CLANG_WARN_INT_CONVERSION = YES;
				CLANG_WARN_OBJC_ROOT_CLASS = YES_ERROR;
				CLANG_WARN_SUSPICIOUS_MOVE = YES;
				CLANG_WARN_UNREACHABLE_CODE = YES;
				CLANG_WARN__DUPLICATE_METHOD_MATCH = YES;
				"CODE_SIGN_IDENTITY[sdk=iphoneos*]" = "iPhone Developer";
				COPY_PHASE_STRIP = NO;
				DEBUG_INFORMATION_FORMAT = dwarf;
				ENABLE_STRICT_OBJC_MSGSEND = YES;
				ENABLE_TESTABILITY = YES;
				GCC_C_LANGUAGE_STANDARD = gnu99;
				GCC_DYNAMIC_NO_PIC = NO;
				GCC_NO_COMMON_BLOCKS = YES;
				GCC_OPTIMIZATION_LEVEL = 0;
				GCC_PREPROCESSOR_DEFINITIONS = (
					"DEBUG=1",
					"$(inherited)",
				);
				GCC_WARN_64_TO_32_BIT_CONVERSION = YES;
				GCC_WARN_ABOUT_RETURN_TYPE = YES_ERROR;
				GCC_WARN_UNDECLARED_SELECTOR = YES;
				GCC_WARN_UNINITIALIZED_AUTOS = YES_AGGRESSIVE;
				GCC_WARN_UNUSED_FUNCTION = YES;
				GCC_WARN_UNUSED_VARIABLE = YES;
				IPHONEOS_DEPLOYMENT_TARGET = 10.2;
				MTL_ENABLE_DEBUG_INFO = YES;
				ONLY_ACTIVE_ARCH = YES;
				SDKROOT = iphoneos;
				TARGETED_DEVICE_FAMILY = "1,2";
			};
			name = Debug;
		};
		1C1EB7EC1F5808B200588070 /* Release */ = {
			isa = XCBuildConfiguration;
			buildSettings = {
				ALWAYS_SEARCH_USER_PATHS = NO;
				CLANG_ANALYZER_NONNULL = YES;
				CLANG_CXX_LANGUAGE_STANDARD = "gnu++0x";
				CLANG_CXX_LIBRARY = "libc++";
				CLANG_ENABLE_MODULES = YES;
				CLANG_ENABLE_OBJC_ARC = YES;
				CLANG_WARN_BOOL_CONVERSION = YES;
				CLANG_WARN_CONSTANT_CONVERSION = YES;
				CLANG_WARN_DIRECT_OBJC_ISA_USAGE = YES_ERROR;
				CLANG_WARN_DOCUMENTATION_COMMENTS = YES;
				CLANG_WARN_EMPTY_BODY = YES;
				CLANG_WARN_ENUM_CONVERSION = YES;
				CLANG_WARN_INFINITE_RECURSION = YES;
				CLANG_WARN_INT_CONVERSION = YES;
				CLANG_WARN_OBJC_ROOT_CLASS = YES_ERROR;
				CLANG_WARN_SUSPICIOUS_MOVE = YES;
				CLANG_WARN_UNREACHABLE_CODE = YES;
				CLANG_WARN__DUPLICATE_METHOD_MATCH = YES;
				"CODE_SIGN_IDENTITY[sdk=iphoneos*]" = "iPhone Developer";
				COPY_PHASE_STRIP = NO;
				DEBUG_INFORMATION_FORMAT = "dwarf-with-dsym";
				ENABLE_NS_ASSERTIONS = NO;
				ENABLE_STRICT_OBJC_MSGSEND = YES;
				GCC_C_LANGUAGE_STANDARD = gnu99;
				GCC_NO_COMMON_BLOCKS = YES;
				GCC_WARN_64_TO_32_BIT_CONVERSION = YES;
				GCC_WARN_ABOUT_RETURN_TYPE = YES_ERROR;
				GCC_WARN_UNDECLARED_SELECTOR = YES;
				GCC_WARN_UNINITIALIZED_AUTOS = YES_AGGRESSIVE;
				GCC_WARN_UNUSED_FUNCTION = YES;
				GCC_WARN_UNUSED_VARIABLE = YES;
				IPHONEOS_DEPLOYMENT_TARGET = 10.2;
				MTL_ENABLE_DEBUG_INFO = NO;
				SDKROOT = iphoneos;
				TARGETED_DEVICE_FAMILY = "1,2";
				VALIDATE_PRODUCT = YES;
			};
			name = Release;
		};
		1C1EB7EE1F5808B200588070 /* Debug */ = {
			isa = XCBuildConfiguration;
			buildSettings = {
				ASSETCATALOG_COMPILER_APPICON_NAME = AppIcon;
				CODE_SIGN_ENTITLEMENTS = ZjVideoDemo/ZjVideoDemo.entitlements;
				"CODE_SIGN_IDENTITY[sdk=iphoneos*]" = "iPhone Developer";
				CODE_SIGN_STYLE = Automatic;
				DEVELOPMENT_TEAM = QZ5HTJ6XNT;
				ENABLE_BITCODE = NO;
				FRAMEWORK_SEARCH_PATHS = (
					"$(inherited)",
					"$(PROJECT_DIR)/ZjVideoDemo",
				);
				HEADER_SEARCH_PATHS = "$(PROJECT_DIR)/ZjVideoDemo/ZjVideo.framework/Headers";
				INFOPLIST_FILE = ZjVideoDemo/Info.plist;
				IPHONEOS_DEPLOYMENT_TARGET = 9.1;
				LD_RUNPATH_SEARCH_PATHS = "$(inherited) @executable_path/Frameworks";
				OTHER_LDFLAGS = (
					"-lc++",
					"-Objc",
				);
				PRODUCT_BUNDLE_IDENTIFIER = com.zijingcloud.zjvideosdk;
				PRODUCT_NAME = "$(TARGET_NAME)";
				PROVISIONING_PROFILE = "";
				PROVISIONING_PROFILE_SPECIFIER = "";
				VALID_ARCHS = "arm64 armv7 armv7s";
			};
			name = Debug;
		};
		1C1EB7EF1F5808B200588070 /* Release */ = {
			isa = XCBuildConfiguration;
			buildSettings = {
				ASSETCATALOG_COMPILER_APPICON_NAME = AppIcon;
				CODE_SIGN_ENTITLEMENTS = ZjVideoDemo/ZjVideoDemo.entitlements;
				"CODE_SIGN_IDENTITY[sdk=iphoneos*]" = "iPhone Developer";
				CODE_SIGN_STYLE = Automatic;
				DEVELOPMENT_TEAM = QZ5HTJ6XNT;
				ENABLE_BITCODE = NO;
				FRAMEWORK_SEARCH_PATHS = (
					"$(inherited)",
					"$(PROJECT_DIR)/ZjVideoDemo",
				);
				HEADER_SEARCH_PATHS = "$(PROJECT_DIR)/ZjVideoDemo/ZjVideo.framework/Headers";
				INFOPLIST_FILE = ZjVideoDemo/Info.plist;
				IPHONEOS_DEPLOYMENT_TARGET = 9.1;
				LD_RUNPATH_SEARCH_PATHS = "$(inherited) @executable_path/Frameworks";
				OTHER_LDFLAGS = (
					"-lc++",
					"-Objc",
				);
				PRODUCT_BUNDLE_IDENTIFIER = com.zijingcloud.zjvideosdk;
				PRODUCT_NAME = "$(TARGET_NAME)";
				PROVISIONING_PROFILE = "";
				PROVISIONING_PROFILE_SPECIFIER = "";
				VALID_ARCHS = "arm64 armv7 armv7s";
			};
			name = Release;
		};
/* End XCBuildConfiguration section */

/* Begin XCConfigurationList section */
		1C1EB7B81F5808B100588070 /* Build configuration list for PBXProject "ZjVideoDemo" */ = {
			isa = XCConfigurationList;
			buildConfigurations = (
				1C1EB7EB1F5808B200588070 /* Debug */,
				1C1EB7EC1F5808B200588070 /* Release */,
			);
			defaultConfigurationIsVisible = 0;
			defaultConfigurationName = Release;
		};
		1C1EB7ED1F5808B200588070 /* Build configuration list for PBXNativeTarget "ZjVideoDemo" */ = {
			isa = XCConfigurationList;
			buildConfigurations = (
				1C1EB7EE1F5808B200588070 /* Debug */,
				1C1EB7EF1F5808B200588070 /* Release */,
			);
			defaultConfigurationIsVisible = 0;
			defaultConfigurationName = Release;
		};
/* End XCConfigurationList section */

/* Begin XCVersionGroup section */
		1C1EB7CC1F5808B100588070 /* ZjVideoDemo.xcdatamodeld */ = {
			isa = XCVersionGroup;
			children = (
				1C1EB7CD1F5808B100588070 /* ZjVideoDemo.xcdatamodel */,
			);
			currentVersion = 1C1EB7CD1F5808B100588070 /* ZjVideoDemo.xcdatamodel */;
			path = ZjVideoDemo.xcdatamodeld;
			sourceTree = "<group>";
			versionGroupType = wrapper.xcdatamodel;
		};
/* End XCVersionGroup section */
	};
	rootObject = 1C1EB7B51F5808B100588070 /* Project object */;
}
